
Microsoft Visual Studio Solution File, Format Version 12.00
# Visual Studio Version 17
VisualStudioVersion = 17.14.36511.14 d17.14
MinimumVisualStudioVersion = 10.0.40219.1
Project("{FAE04EC0-301F-11D3-BF4B-00C04F79EFBC}") = "ISIP423_Rezantsev", "ISIP423_Rezantsev\ISIP423_Rezantsev.csproj", "{4F5836C2-1BE6-449B-A2BF-F0282C8C2745}"
EndProject
Global
	GlobalSection(SolutionConfigurationPlatforms) = preSolution
		Debug|Any CPU = Debug|Any CPU
		Release|Any CPU = Release|Any CPU
	EndGlobalSection
	GlobalSection(ProjectConfigurationPlatforms) = postSolution
		{4F5836C2-1BE6-449B-A2BF-F0282C8C2745}.Debug|Any CPU.ActiveCfg = Debug|Any CPU
		{4F5836C2-1BE6-449B-A2BF-F0282C8C2745}.Debug|Any CPU.Build.0 = Debug|Any CPU
		{4F5836C2-1BE6-449B-A2BF-F0282C8C2745}.Release|Any CPU.ActiveCfg = Release|Any CPU
		{4F5836C2-1BE6-449B-A2BF-F0282C8C2745}.Release|Any CPU.Build.0 = Release|Any CPU
	EndGlobalSection
	GlobalSection(SolutionProperties) = preSolution
		HideSolutionNode = FALSE
	EndGlobalSection
	GlobalSection(ExtensibilityGlobals) = postSolution
		SolutionGuid = {14E86407-827C-490A-9321-002CE8B1F5C9}
	EndGlobalSection
EndGlobal
